PODS:
  - Alamofire (4.9.1)
  - SwiftKeychainWrapper (3.4.0)

DEPENDENCIES:
  - Alamofire (~> 4.9.1)
  - SwiftKeychainWrapper

SPEC REPOS:
  trunk:
    - Alamofire
    - SwiftKeychainWrapper

SPEC CHECKSUMS:
  Alamofire: 85e8a02c69d6020a0d734f6054870d7ecb75cf18
  SwiftKeychainWrapper: 6fc49fbf7d4a6b0772917acb0e53a1639f6078d6

PODFILE CHECKSUM: dc97bb0cc28c11cb30a21dbd29a4119ec1a9a3a2

COCOAPODS: 1.8.3
