// !$*UTF8*$!
{
	archiveVersion = 1;
	classes = {
	};
	objectVersion = 51;
	objects = {

/* Begin PBXBuildFile section */
		23A14D89A922F682E48B56B6 /* Pods_TesteiOS.framework in Frameworks */ = {isa = PBXBuildFile; fileRef = DD09C2EDF6775B78C97974BC /* Pods_TesteiOS.framework */; };
		82093E8F23A0917D0006FD32 /* UIColor+Extension.swift in Sources */ = {isa = PBXBuildFile; fileRef = 82093E8E23A0917C0006FD32 /* UIColor+Extension.swift */; };
		82093E9123A0962C0006FD32 /* UITextField+Extension.swift in Sources */ = {isa = PBXBuildFile; fileRef = 82093E9023A0962C0006FD32 /* UITextField+Extension.swift */; };
		820DEA8823A460D60004535E /* AccountViewController.swift in Sources */ = {isa = PBXBuildFile; fileRef = 820DEA8723A460D60004535E /* AccountViewController.swift */; };
		820DEA8A23A463CF0004535E /* LoginDelegate.swift in Sources */ = {isa = PBXBuildFile; fileRef = 820DEA8923A463CF0004535E /* LoginDelegate.swift */; };
		820DEA8C23A48AEA0004535E /* AccountInfoView.swift in Sources */ = {isa = PBXBuildFile; fileRef = 820DEA8B23A48AEA0004535E /* AccountInfoView.swift */; };
		820DEA9023A48B210004535E /* StatementTableViewCell.swift in Sources */ = {isa = PBXBuildFile; fileRef = 820DEA8F23A48B210004535E /* StatementTableViewCell.swift */; };
		820DEA9223A498AD0004535E /* AccountDelegate.swift in Sources */ = {isa = PBXBuildFile; fileRef = 820DEA9123A498AD0004535E /* AccountDelegate.swift */; };
		820DEA9423A49DB30004535E /* AccountPresenter.swift in Sources */ = {isa = PBXBuildFile; fileRef = 820DEA9323A49DB30004535E /* AccountPresenter.swift */; };
		820DEA9723A5CB7A0004535E /* HeaderStatementsView.swift in Sources */ = {isa = PBXBuildFile; fileRef = 820DEA9623A5CB7A0004535E /* HeaderStatementsView.swift */; };
		820DEA9B23A5F2070004535E /* Statement.swift in Sources */ = {isa = PBXBuildFile; fileRef = 820DEA9A23A5F2070004535E /* Statement.swift */; };
		820DEA9E23A68DE90004535E /* Parser.swift in Sources */ = {isa = PBXBuildFile; fileRef = 820DEA9D23A68DE90004535E /* Parser.swift */; };
		820DEAA023A6B0950004535E /* Formatter.swift in Sources */ = {isa = PBXBuildFile; fileRef = 820DEA9F23A6B0950004535E /* Formatter.swift */; };
		820E036123A34126009D54CE /* KeychainStorage.swift in Sources */ = {isa = PBXBuildFile; fileRef = 820E036023A34126009D54CE /* KeychainStorage.swift */; };
		820E036423A34224009D54CE /* KeychainUserStorage.swift in Sources */ = {isa = PBXBuildFile; fileRef = 820E036323A34224009D54CE /* KeychainUserStorage.swift */; };
		820F292123A1BE5A00D635D4 /* LoginPresenter.swift in Sources */ = {isa = PBXBuildFile; fileRef = 820F292023A1BE5A00D635D4 /* LoginPresenter.swift */; };
		820F292423A1F16300D635D4 /* User.swift in Sources */ = {isa = PBXBuildFile; fileRef = 820F292323A1F16300D635D4 /* User.swift */; };
		820F292723A1FD3E00D635D4 /* ApiClient.swift in Sources */ = {isa = PBXBuildFile; fileRef = 820F292623A1FD3E00D635D4 /* ApiClient.swift */; };
		820F292A23A1FECD00D635D4 /* Constants.swift in Sources */ = {isa = PBXBuildFile; fileRef = 820F292923A1FECD00D635D4 /* Constants.swift */; };
		823096C3239F814E00FB5D75 /* AppDelegate.swift in Sources */ = {isa = PBXBuildFile; fileRef = 823096C2239F814E00FB5D75 /* AppDelegate.swift */; };
		823096C7239F814E00FB5D75 /* LoginViewController.swift in Sources */ = {isa = PBXBuildFile; fileRef = 823096C6239F814E00FB5D75 /* LoginViewController.swift */; };
		823096CC239F814F00FB5D75 /* Assets.xcassets in Resources */ = {isa = PBXBuildFile; fileRef = 823096CB239F814F00FB5D75 /* Assets.xcassets */; };
		823096CF239F814F00FB5D75 /* LaunchScreen.storyboard in Resources */ = {isa = PBXBuildFile; fileRef = 823096CD239F814F00FB5D75 /* LaunchScreen.storyboard */; };
/* End PBXBuildFile section */

/* Begin PBXFileReference section */
		0E16D1455D513205D43F1CD3 /* Pods-TesteiOS.debug.xcconfig */ = {isa = PBXFileReference; includeInIndex = 1; lastKnownFileType = text.xcconfig; name = "Pods-TesteiOS.debug.xcconfig"; path = "Target Support Files/Pods-TesteiOS/Pods-TesteiOS.debug.xcconfig"; sourceTree = "<group>"; };
		458254502791457CF6C5B34D /* Pods-TesteiOS.release.xcconfig */ = {isa = PBXFileReference; includeInIndex = 1; lastKnownFileType = text.xcconfig; name = "Pods-TesteiOS.release.xcconfig"; path = "Target Support Files/Pods-TesteiOS/Pods-TesteiOS.release.xcconfig"; sourceTree = "<group>"; };
		82093E8E23A0917C0006FD32 /* UIColor+Extension.swift */ = {isa = PBXFileReference; lastKnownFileType = sourcecode.swift; path = "UIColor+Extension.swift"; sourceTree = "<group>"; };
		82093E9023A0962C0006FD32 /* UITextField+Extension.swift */ = {isa = PBXFileReference; lastKnownFileType = sourcecode.swift; path = "UITextField+Extension.swift"; sourceTree = "<group>"; };
		820DEA8723A460D60004535E /* AccountViewController.swift */ = {isa = PBXFileReference; lastKnownFileType = sourcecode.swift; path = AccountViewController.swift; sourceTree = "<group>"; };
		820DEA8923A463CF0004535E /* LoginDelegate.swift */ = {isa = PBXFileReference; lastKnownFileType = sourcecode.swift; path = LoginDelegate.swift; sourceTree = "<group>"; };
		820DEA8B23A48AEA0004535E /* AccountInfoView.swift */ = {isa = PBXFileReference; lastKnownFileType = sourcecode.swift; path = AccountInfoView.swift; sourceTree = "<group>"; };
		820DEA8F23A48B210004535E /* StatementTableViewCell.swift */ = {isa = PBXFileReference; lastKnownFileType = sourcecode.swift; path = StatementTableViewCell.swift; sourceTree = "<group>"; };
		820DEA9123A498AD0004535E /* AccountDelegate.swift */ = {isa = PBXFileReference; lastKnownFileType = sourcecode.swift; path = AccountDelegate.swift; sourceTree = "<group>"; };
		820DEA9323A49DB30004535E /* AccountPresenter.swift */ = {isa = PBXFileReference; lastKnownFileType = sourcecode.swift; path = AccountPresenter.swift; sourceTree = "<group>"; };
		820DEA9623A5CB7A0004535E /* HeaderStatementsView.swift */ = {isa = PBXFileReference; lastKnownFileType = sourcecode.swift; path = HeaderStatementsView.swift; sourceTree = "<group>"; };
		820DEA9A23A5F2070004535E /* Statement.swift */ = {isa = PBXFileReference; lastKnownFileType = sourcecode.swift; path = Statement.swift; sourceTree = "<group>"; };
		820DEA9D23A68DE90004535E /* Parser.swift */ = {isa = PBXFileReference; lastKnownFileType = sourcecode.swift; path = Parser.swift; sourceTree = "<group>"; };
		820DEA9F23A6B0950004535E /* Formatter.swift */ = {isa = PBXFileReference; lastKnownFileType = sourcecode.swift; path = Formatter.swift; sourceTree = "<group>"; };
		820E036023A34126009D54CE /* KeychainStorage.swift */ = {isa = PBXFileReference; lastKnownFileType = sourcecode.swift; path = KeychainStorage.swift; sourceTree = "<group>"; };
		820E036323A34224009D54CE /* KeychainUserStorage.swift */ = {isa = PBXFileReference; lastKnownFileType = sourcecode.swift; path = KeychainUserStorage.swift; sourceTree = "<group>"; };
		820F292023A1BE5A00D635D4 /* LoginPresenter.swift */ = {isa = PBXFileReference; lastKnownFileType = sourcecode.swift; path = LoginPresenter.swift; sourceTree = "<group>"; };
		820F292323A1F16300D635D4 /* User.swift */ = {isa = PBXFileReference; lastKnownFileType = sourcecode.swift; path = User.swift; sourceTree = "<group>"; };
		820F292623A1FD3E00D635D4 /* ApiClient.swift */ = {isa = PBXFileReference; lastKnownFileType = sourcecode.swift; path = ApiClient.swift; sourceTree = "<group>"; };
		820F292923A1FECD00D635D4 /* Constants.swift */ = {isa = PBXFileReference; lastKnownFileType = sourcecode.swift; path = Constants.swift; sourceTree = "<group>"; };
		823096BF239F814E00FB5D75 /* TesteiOS.app */ = {isa = PBXFileReference; explicitFileType = wrapper.application; includeInIndex = 0; path = TesteiOS.app; sourceTree = BUILT_PRODUCTS_DIR; };
		823096C2239F814E00FB5D75 /* AppDelegate.swift */ = {isa = PBXFileReference; lastKnownFileType = sourcecode.swift; path = AppDelegate.swift; sourceTree = "<group>"; };
		823096C6239F814E00FB5D75 /* LoginViewController.swift */ = {isa = PBXFileReference; lastKnownFileType = sourcecode.swift; path = LoginViewController.swift; sourceTree = "<group>"; };
		823096CB239F814F00FB5D75 /* Assets.xcassets */ = {isa = PBXFileReference; lastKnownFileType = folder.assetcatalog; path = Assets.xcassets; sourceTree = "<group>"; };
		823096CE239F814F00FB5D75 /* Base */ = {isa = PBXFileReference; lastKnownFileType = file.storyboard; name = Base; path = Base.lproj/LaunchScreen.storyboard; sourceTree = "<group>"; };
		823096D0239F814F00FB5D75 /* Info.plist */ = {isa = PBXFileReference; lastKnownFileType = text.plist.xml; path = Info.plist; sourceTree = "<group>"; };
		DD09C2EDF6775B78C97974BC /* Pods_TesteiOS.framework */ = {isa = PBXFileReference; explicitFileType = wrapper.framework; includeInIndex = 0; path = Pods_TesteiOS.framework; sourceTree = BUILT_PRODUCTS_DIR; };
/* End PBXFileReference section */

/* Begin PBXFrameworksBuildPhase section */
		823096BC239F814E00FB5D75 /* Frameworks */ = {
			isa = PBXFrameworksBuildPhase;
			buildActionMask = 2147483647;
			files = (
				23A14D89A922F682E48B56B6 /* Pods_TesteiOS.framework in Frameworks */,
			);
			runOnlyForDeploymentPostprocessing = 0;
		};
/* End PBXFrameworksBuildPhase section */

/* Begin PBXGroup section */
		0D4E3E9C03038C8A7DC99E8C /* Pods */ = {
			isa = PBXGroup;
			children = (
				0E16D1455D513205D43F1CD3 /* Pods-TesteiOS.debug.xcconfig */,
				458254502791457CF6C5B34D /* Pods-TesteiOS.release.xcconfig */,
			);
			path = Pods;
			sourceTree = "<group>";
		};
		53471DA36C6FE354629E831E /* Frameworks */ = {
			isa = PBXGroup;
			children = (
				DD09C2EDF6775B78C97974BC /* Pods_TesteiOS.framework */,
			);
			name = Frameworks;
			sourceTree = "<group>";
		};
		82093E8D23A091400006FD32 /* Extensions */ = {
			isa = PBXGroup;
			children = (
				82093E8E23A0917C0006FD32 /* UIColor+Extension.swift */,
				82093E9023A0962C0006FD32 /* UITextField+Extension.swift */,
			);
			path = Extensions;
			sourceTree = "<group>";
		};
		820DEA8423A45FBE0004535E /* Scenes */ = {
			isa = PBXGroup;
			children = (
				820DEA8623A4600C0004535E /* Account */,
				820DEA8523A45FCD0004535E /* Login */,
			);
			path = Scenes;
			sourceTree = "<group>";
		};
		820DEA8523A45FCD0004535E /* Login */ = {
			isa = PBXGroup;
			children = (
				823096C6239F814E00FB5D75 /* LoginViewController.swift */,
				820F292023A1BE5A00D635D4 /* LoginPresenter.swift */,
				820DEA8923A463CF0004535E /* LoginDelegate.swift */,
			);
			path = Login;
			sourceTree = "<group>";
		};
		820DEA8623A4600C0004535E /* Account */ = {
			isa = PBXGroup;
			children = (
				820DEA9523A5CAB50004535E /* Table */,
				820DEA8723A460D60004535E /* AccountViewController.swift */,
				820DEA9323A49DB30004535E /* AccountPresenter.swift */,
				820DEA9123A498AD0004535E /* AccountDelegate.swift */,
			);
			path = Account;
			sourceTree = "<group>";
		};
		820DEA9523A5CAB50004535E /* Table */ = {
			isa = PBXGroup;
			children = (
				820DEA8B23A48AEA0004535E /* AccountInfoView.swift */,
				820DEA8F23A48B210004535E /* StatementTableViewCell.swift */,
				820DEA9623A5CB7A0004535E /* HeaderStatementsView.swift */,
			);
			path = Table;
			sourceTree = "<group>";
		};
		820E035F23A33F27009D54CE /* Storage */ = {
			isa = PBXGroup;
			children = (
				820E036223A341C2009D54CE /* Keychain */,
			);
			path = Storage;
			sourceTree = "<group>";
		};
		820E036223A341C2009D54CE /* Keychain */ = {
			isa = PBXGroup;
			children = (
				820E036023A34126009D54CE /* KeychainStorage.swift */,
				820E036323A34224009D54CE /* KeychainUserStorage.swift */,
			);
			path = Keychain;
			sourceTree = "<group>";
		};
		820F292223A1F15400D635D4 /* Models */ = {
			isa = PBXGroup;
			children = (
				820F292323A1F16300D635D4 /* User.swift */,
				820DEA9A23A5F2070004535E /* Statement.swift */,
			);
			path = Models;
			sourceTree = "<group>";
		};
		820F292523A1F5AC00D635D4 /* Networking */ = {
			isa = PBXGroup;
			children = (
				820F292623A1FD3E00D635D4 /* ApiClient.swift */,
			);
			path = Networking;
			sourceTree = "<group>";
		};
		820F292823A1FEAB00D635D4 /* Others */ = {
			isa = PBXGroup;
			children = (
				820F292923A1FECD00D635D4 /* Constants.swift */,
				820DEA9D23A68DE90004535E /* Parser.swift */,
				820DEA9F23A6B0950004535E /* Formatter.swift */,
			);
			path = Others;
			sourceTree = "<group>";
		};
		823096B6239F814E00FB5D75 = {
			isa = PBXGroup;
			children = (
				823096C1239F814E00FB5D75 /* TesteiOS */,
				823096C0239F814E00FB5D75 /* Products */,
				0D4E3E9C03038C8A7DC99E8C /* Pods */,
				53471DA36C6FE354629E831E /* Frameworks */,
			);
			sourceTree = "<group>";
		};
		823096C0239F814E00FB5D75 /* Products */ = {
			isa = PBXGroup;
			children = (
				823096BF239F814E00FB5D75 /* TesteiOS.app */,
			);
			name = Products;
			sourceTree = "<group>";
		};
		823096C1239F814E00FB5D75 /* TesteiOS */ = {
			isa = PBXGroup;
			children = (
				820DEA8423A45FBE0004535E /* Scenes */,
				820F292223A1F15400D635D4 /* Models */,
				820E035F23A33F27009D54CE /* Storage */,
				820F292523A1F5AC00D635D4 /* Networking */,
				82093E8D23A091400006FD32 /* Extensions */,
				820F292823A1FEAB00D635D4 /* Others */,
				823096C2239F814E00FB5D75 /* AppDelegate.swift */,
				823096CB239F814F00FB5D75 /* Assets.xcassets */,
				823096CD239F814F00FB5D75 /* LaunchScreen.storyboard */,
				823096D0239F814F00FB5D75 /* Info.plist */,
			);
			path = TesteiOS;
			sourceTree = "<group>";
		};
/* End PBXGroup section */

/* Begin PBXNativeTarget section */
		823096BE239F814E00FB5D75 /* TesteiOS */ = {
			isa = PBXNativeTarget;
			buildConfigurationList = 823096D3239F814F00FB5D75 /* Build configuration list for PBXNativeTarget "TesteiOS" */;
			buildPhases = (
				6C763099138EA8AF9573D750 /* [CP] Check Pods Manifest.lock */,
				823096BB239F814E00FB5D75 /* Sources */,
				823096BC239F814E00FB5D75 /* Frameworks */,
				823096BD239F814E00FB5D75 /* Resources */,
				FBC226864297D4492D0AABEA /* [CP] Embed Pods Frameworks */,
			);
			buildRules = (
			);
			dependencies = (
			);
			name = TesteiOS;
			productName = TesteiOS;
			productReference = 823096BF239F814E00FB5D75 /* TesteiOS.app */;
			productType = "com.apple.product-type.application";
		};
/* End PBXNativeTarget section */

/* Begin PBXProject section */
		823096B7239F814E00FB5D75 /* Project object */ = {
			isa = PBXProject;
			attributes = {
				LastSwiftUpdateCheck = 1120;
				LastUpgradeCheck = 1120;
				ORGANIZATIONNAME = "José Rafael Ferraz Pacheco";
				TargetAttributes = {
					823096BE239F814E00FB5D75 = {
						CreatedOnToolsVersion = 11.2.1;
					};
				};
			};
			buildConfigurationList = 823096BA239F814E00FB5D75 /* Build configuration list for PBXProject "TesteiOS" */;
			compatibilityVersion = "Xcode 9.3";
			developmentRegion = en;
			hasScannedForEncodings = 0;
			knownRegions = (
				en,
				Base,
			);
			mainGroup = 823096B6239F814E00FB5D75;
			productRefGroup = 823096C0239F814E00FB5D75 /* Products */;
			projectDirPath = "";
			projectRoot = "";
			targets = (
				823096BE239F814E00FB5D75 /* TesteiOS */,
			);
		};
/* End PBXProject section */

/* Begin PBXResourcesBuildPhase section */
		823096BD239F814E00FB5D75 /* Resources */ = {
			isa = PBXResourcesBuildPhase;
			buildActionMask = 2147483647;
			files = (
				823096CF239F814F00FB5D75 /* LaunchScreen.storyboard in Resources */,
				823096CC239F814F00FB5D75 /* Assets.xcassets in Resources */,
			);
			runOnlyForDeploymentPostprocessing = 0;
		};
/* End PBXResourcesBuildPhase section */

/* Begin PBXShellScriptBuildPhase section */
		6C763099138EA8AF9573D750 /* [CP] Check Pods Manifest.lock */ = {
			isa = PBXShellScriptBuildPhase;
			buildActionMask = 2147483647;
			files = (
			);
			inputFileListPaths = (
			);
			inputPaths = (
				"${PODS_PODFILE_DIR_PATH}/Podfile.lock",
				"${PODS_ROOT}/Manifest.lock",
			);
			name = "[CP] Check Pods Manifest.lock";
			outputFileListPaths = (
			);
			outputPaths = (
				"$(DERIVED_FILE_DIR)/Pods-TesteiOS-checkManifestLockResult.txt",
			);
			runOnlyForDeploymentPostprocessing = 0;
			shellPath = /bin/sh;
			shellScript = "diff \"${PODS_PODFILE_DIR_PATH}/Podfile.lock\" \"${PODS_ROOT}/Manifest.lock\" > /dev/null\nif [ $? != 0 ] ; then\n    # print error to STDERR\n    echo \"error: The sandbox is not in sync with the Podfile.lock. Run 'pod install' or update your CocoaPods installation.\" >&2\n    exit 1\nfi\n# This output is used by Xcode 'outputs' to avoid re-running this script phase.\necho \"SUCCESS\" > \"${SCRIPT_OUTPUT_FILE_0}\"\n";
			showEnvVarsInLog = 0;
		};
		FBC226864297D4492D0AABEA /* [CP] Embed Pods Frameworks */ = {
			isa = PBXShellScriptBuildPhase;
			buildActionMask = 2147483647;
			files = (
			);
			inputFileListPaths = (
				"${PODS_ROOT}/Target Support Files/Pods-TesteiOS/Pods-TesteiOS-frameworks-${CONFIGURATION}-input-files.xcfilelist",
			);
			name = "[CP] Embed Pods Frameworks";
			outputFileListPaths = (
				"${PODS_ROOT}/Target Support Files/Pods-TesteiOS/Pods-TesteiOS-frameworks-${CONFIGURATION}-output-files.xcfilelist",
			);
			runOnlyForDeploymentPostprocessing = 0;
			shellPath = /bin/sh;
			shellScript = "\"${PODS_ROOT}/Target Support Files/Pods-TesteiOS/Pods-TesteiOS-frameworks.sh\"\n";
			showEnvVarsInLog = 0;
		};
/* End PBXShellScriptBuildPhase section */

/* Begin PBXSourcesBuildPhase section */
		823096BB239F814E00FB5D75 /* Sources */ = {
			isa = PBXSourcesBuildPhase;
			buildActionMask = 2147483647;
			files = (
				820F292723A1FD3E00D635D4 /* ApiClient.swift in Sources */,
				820DEA9B23A5F2070004535E /* Statement.swift in Sources */,
				820DEAA023A6B0950004535E /* Formatter.swift in Sources */,
				820DEA8823A460D60004535E /* AccountViewController.swift in Sources */,
				82093E8F23A0917D0006FD32 /* UIColor+Extension.swift in Sources */,
				82093E9123A0962C0006FD32 /* UITextField+Extension.swift in Sources */,
				820DEA9023A48B210004535E /* StatementTableViewCell.swift in Sources */,
				820F292423A1F16300D635D4 /* User.swift in Sources */,
				820DEA8C23A48AEA0004535E /* AccountInfoView.swift in Sources */,
				823096C7239F814E00FB5D75 /* LoginViewController.swift in Sources */,
				820DEA9723A5CB7A0004535E /* HeaderStatementsView.swift in Sources */,
				820DEA9223A498AD0004535E /* AccountDelegate.swift in Sources */,
				823096C3239F814E00FB5D75 /* AppDelegate.swift in Sources */,
				820F292123A1BE5A00D635D4 /* LoginPresenter.swift in Sources */,
				820F292A23A1FECD00D635D4 /* Constants.swift in Sources */,
				820E036423A34224009D54CE /* KeychainUserStorage.swift in Sources */,
				820DEA9E23A68DE90004535E /* Parser.swift in Sources */,
				820DEA9423A49DB30004535E /* AccountPresenter.swift in Sources */,
				820DEA8A23A463CF0004535E /* LoginDelegate.swift in Sources */,
				820E036123A34126009D54CE /* KeychainStorage.swift in Sources */,
			);
			runOnlyForDeploymentPostprocessing = 0;
		};
/* End PBXSourcesBuildPhase section */

/* Begin PBXVariantGroup section */
		823096CD239F814F00FB5D75 /* LaunchScreen.storyboard */ = {
			isa = PBXVariantGroup;
			children = (
				823096CE239F814F00FB5D75 /* Base */,
			);
			name = LaunchScreen.storyboard;
			sourceTree = "<group>";
		};
/* End PBXVariantGroup section */

/* Begin XCBuildConfiguration section */
		823096D1239F814F00FB5D75 /* Debug */ = {
			isa = XCBuildConfiguration;
			buildSettings = {
				ALWAYS_SEARCH_USER_PATHS = NO;
				CLANG_ANALYZER_NONNULL = YES;
				CLANG_ANALYZER_NUMBER_OBJECT_CONVERSION = YES_AGGRESSIVE;
				CLANG_CXX_LANGUAGE_STANDARD = "gnu++14";
				CLANG_CXX_LIBRARY = "libc++";
				CLANG_ENABLE_MODULES = YES;
				CLANG_ENABLE_OBJC_ARC = YES;
				CLANG_ENABLE_OBJC_WEAK = YES;
				CLANG_WARN_BLOCK_CAPTURE_AUTORELEASING = YES;
				CLANG_WARN_BOOL_CONVERSION = YES;
				CLANG_WARN_COMMA = YES;
				CLANG_WARN_CONSTANT_CONVERSION = YES;
				CLANG_WARN_DEPRECATED_OBJC_IMPLEMENTATIONS = YES;
				CLANG_WARN_DIRECT_OBJC_ISA_USAGE = YES_ERROR;
				CLANG_WARN_DOCUMENTATION_COMMENTS = YES;
				CLANG_WARN_EMPTY_BODY = YES;
				CLANG_WARN_ENUM_CONVERSION = YES;
				CLANG_WARN_INFINITE_RECURSION = YES;
				CLANG_WARN_INT_CONVERSION = YES;
				CLANG_WARN_NON_LITERAL_NULL_CONVERSION = YES;
				CLANG_WARN_OBJC_IMPLICIT_RETAIN_SELF = YES;
				CLANG_WARN_OBJC_LITERAL_CONVERSION = YES;
				CLANG_WARN_OBJC_ROOT_CLASS = YES_ERROR;
				CLANG_WARN_RANGE_LOOP_ANALYSIS = YES;
				CLANG_WARN_STRICT_PROTOTYPES = YES;
				CLANG_WARN_SUSPICIOUS_MOVE = YES;
				CLANG_WARN_UNGUARDED_AVAILABILITY = YES_AGGRESSIVE;
				CLANG_WARN_UNREACHABLE_CODE = YES;
				CLANG_WARN__DUPLICATE_METHOD_MATCH = YES;
				COPY_PHASE_STRIP = NO;
				DEBUG_INFORMATION_FORMAT = dwarf;
				ENABLE_STRICT_OBJC_MSGSEND = YES;
				ENABLE_TESTABILITY = YES;
				GCC_C_LANGUAGE_STANDARD = gnu11;
				GCC_DYNAMIC_NO_PIC = NO;
				GCC_NO_COMMON_BLOCKS = YES;
				GCC_OPTIMIZATION_LEVEL = 0;
				GCC_PREPROCESSOR_DEFINITIONS = (
					"DEBUG=1",
					"$(inherited)",
				);
				GCC_WARN_64_TO_32_BIT_CONVERSION = YES;
				GCC_WARN_ABOUT_RETURN_TYPE = YES_ERROR;
				GCC_WARN_UNDECLARED_SELECTOR = YES;
				GCC_WARN_UNINITIALIZED_AUTOS = YES_AGGRESSIVE;
				GCC_WARN_UNUSED_FUNCTION = YES;
				GCC_WARN_UNUSED_VARIABLE = YES;
				IPHONEOS_DEPLOYMENT_TARGET = 9.0;
				MTL_ENABLE_DEBUG_INFO = INCLUDE_SOURCE;
				MTL_FAST_MATH = YES;
				ONLY_ACTIVE_ARCH = YES;
				SDKROOT = iphoneos;
				SWIFT_ACTIVE_COMPILATION_CONDITIONS = DEBUG;
				SWIFT_OPTIMIZATION_LEVEL = "-Onone";
			};
			name = Debug;
		};
		823096D2239F814F00FB5D75 /* Release */ = {
			isa = XCBuildConfiguration;
			buildSettings = {
				ALWAYS_SEARCH_USER_PATHS = NO;
				CLANG_ANALYZER_NONNULL = YES;
				CLANG_ANALYZER_NUMBER_OBJECT_CONVERSION = YES_AGGRESSIVE;
				CLANG_CXX_LANGUAGE_STANDARD = "gnu++14";
				CLANG_CXX_LIBRARY = "libc++";
				CLANG_ENABLE_MODULES = YES;
				CLANG_ENABLE_OBJC_ARC = YES;
				CLANG_ENABLE_OBJC_WEAK = YES;
				CLANG_WARN_BLOCK_CAPTURE_AUTORELEASING = YES;
				CLANG_WARN_BOOL_CONVERSION = YES;
				CLANG_WARN_COMMA = YES;
				CLANG_WARN_CONSTANT_CONVERSION = YES;
				CLANG_WARN_DEPRECATED_OBJC_IMPLEMENTATIONS = YES;
				CLANG_WARN_DIRECT_OBJC_ISA_USAGE = YES_ERROR;
				CLANG_WARN_DOCUMENTATION_COMMENTS = YES;
				CLANG_WARN_EMPTY_BODY = YES;
				CLANG_WARN_ENUM_CONVERSION = YES;
				CLANG_WARN_INFINITE_RECURSION = YES;
				CLANG_WARN_INT_CONVERSION = YES;
				CLANG_WARN_NON_LITERAL_NULL_CONVERSION = YES;
				CLANG_WARN_OBJC_IMPLICIT_RETAIN_SELF = YES;
				CLANG_WARN_OBJC_LITERAL_CONVERSION = YES;
				CLANG_WARN_OBJC_ROOT_CLASS = YES_ERROR;
				CLANG_WARN_RANGE_LOOP_ANALYSIS = YES;
				CLANG_WARN_STRICT_PROTOTYPES = YES;
				CLANG_WARN_SUSPICIOUS_MOVE = YES;
				CLANG_WARN_UNGUARDED_AVAILABILITY = YES_AGGRESSIVE;
				CLANG_WARN_UNREACHABLE_CODE = YES;
				CLANG_WARN__DUPLICATE_METHOD_MATCH = YES;
				COPY_PHASE_STRIP = NO;
				DEBUG_INFORMATION_FORMAT = "dwarf-with-dsym";
				ENABLE_NS_ASSERTIONS = NO;
				ENABLE_STRICT_OBJC_MSGSEND = YES;
				GCC_C_LANGUAGE_STANDARD = gnu11;
				GCC_NO_COMMON_BLOCKS = YES;
				GCC_WARN_64_TO_32_BIT_CONVERSION = YES;
				GCC_WARN_ABOUT_RETURN_TYPE = YES_ERROR;
				GCC_WARN_UNDECLARED_SELECTOR = YES;
				GCC_WARN_UNINITIALIZED_AUTOS = YES_AGGRESSIVE;
				GCC_WARN_UNUSED_FUNCTION = YES;
				GCC_WARN_UNUSED_VARIABLE = YES;
				IPHONEOS_DEPLOYMENT_TARGET = 9.0;
				MTL_ENABLE_DEBUG_INFO = NO;
				MTL_FAST_MATH = YES;
				SDKROOT = iphoneos;
				SWIFT_COMPILATION_MODE = wholemodule;
				SWIFT_OPTIMIZATION_LEVEL = "-O";
				VALIDATE_PRODUCT = YES;
			};
			name = Release;
		};
		823096D4239F814F00FB5D75 /* Debug */ = {
			isa = XCBuildConfiguration;
			baseConfigurationReference = 0E16D1455D513205D43F1CD3 /* Pods-TesteiOS.debug.xcconfig */;
			buildSettings = {
				ASSETCATALOG_COMPILER_APPICON_NAME = AppIcon;
				CODE_SIGN_STYLE = Automatic;
				DEVELOPMENT_TEAM = 5N8L9587G7;
				INFOPLIST_FILE = TesteiOS/Info.plist;
				IPHONEOS_DEPLOYMENT_TARGET = 9.0;
				LD_RUNPATH_SEARCH_PATHS = (
					"$(inherited)",
					"@executable_path/Frameworks",
				);
				PRODUCT_BUNDLE_IDENTIFIER = josecarvalho.TesteiOS;
				PRODUCT_NAME = "$(TARGET_NAME)";
				SWIFT_VERSION = 5.0;
				TARGETED_DEVICE_FAMILY = "1,2";
			};
			name = Debug;
		};
		823096D5239F814F00FB5D75 /* Release */ = {
			isa = XCBuildConfiguration;
			baseConfigurationReference = 458254502791457CF6C5B34D /* Pods-TesteiOS.release.xcconfig */;
			buildSettings = {
				ASSETCATALOG_COMPILER_APPICON_NAME = AppIcon;
				CODE_SIGN_STYLE = Automatic;
				DEVELOPMENT_TEAM = 5N8L9587G7;
				INFOPLIST_FILE = TesteiOS/Info.plist;
				IPHONEOS_DEPLOYMENT_TARGET = 9.0;
				LD_RUNPATH_SEARCH_PATHS = (
					"$(inherited)",
					"@executable_path/Frameworks",
				);
				PRODUCT_BUNDLE_IDENTIFIER = josecarvalho.TesteiOS;
				PRODUCT_NAME = "$(TARGET_NAME)";
				SWIFT_VERSION = 5.0;
				TARGETED_DEVICE_FAMILY = "1,2";
			};
			name = Release;
		};
/* End XCBuildConfiguration section */

/* Begin XCConfigurationList section */
		823096BA239F814E00FB5D75 /* Build configuration list for PBXProject "TesteiOS" */ = {
			isa = XCConfigurationList;
			buildConfigurations = (
				823096D1239F814F00FB5D75 /* Debug */,
				823096D2239F814F00FB5D75 /* Release */,
			);
			defaultConfigurationIsVisible = 0;
			defaultConfigurationName = Release;
		};
		823096D3239F814F00FB5D75 /* Build configuration list for PBXNativeTarget "TesteiOS" */ = {
			isa = XCConfigurationList;
			buildConfigurations = (
				823096D4239F814F00FB5D75 /* Debug */,
				823096D5239F814F00FB5D75 /* Release */,
			);
			defaultConfigurationIsVisible = 0;
			defaultConfigurationName = Release;
		};
/* End XCConfigurationList section */
	};
	rootObject = 823096B7239F814E00FB5D75 /* Project object */;
}
